// !$*UTF8*$!
{
	archiveVersion = 1;
	classes = {
	};
	objectVersion = 50;
	objects = {

/* Begin PBXBuildFile section */
		27A819AB256812A500ADDBBE /* AppDelegate.swift in Sources */ = {isa = PBXBuildFile; fileRef = 27A819AA256812A500ADDBBE /* AppDelegate.swift */; };
		27A819AD256812A500ADDBBE /* SceneDelegate.swift in Sources */ = {isa = PBXBuildFile; fileRef = 27A819AC256812A500ADDBBE /* SceneDelegate.swift */; };
		27A819AF256812A500ADDBBE /* ViewController.swift in Sources */ = {isa = PBXBuildFile; fileRef = 27A819AE256812A500ADDBBE /* ViewController.swift */; };
		27A819B2256812A500ADDBBE /* Main.storyboard in Resources */ = {isa = PBXBuildFile; fileRef = 27A819B0256812A500ADDBBE /* Main.storyboard */; };
		27A819B4256812A500ADDBBE /* Assets.xcassets in Resources */ = {isa = PBXBuildFile; fileRef = 27A819B3256812A500ADDBBE /* Assets.xcassets */; };
		27A819B7256812A500ADDBBE /* LaunchScreen.storyboard in Resources */ = {isa = PBXBuildFile; fileRef = 27A819B5256812A500ADDBBE /* LaunchScreen.storyboard */; };
		27A819C2256812A600ADDBBE /* MVVMDemoTests.swift in Sources */ = {isa = PBXBuildFile; fileRef = 27A819C1256812A600ADDBBE /* MVVMDemoTests.swift */; };
		27A819CD256812A600ADDBBE /* MVVMDemoUITests.swift in Sources */ = {isa = PBXBuildFile; fileRef = 27A819CC256812A600ADDBBE /* MVVMDemoUITests.swift */; };
		27A819DE256812CA00ADDBBE /* GenericView.swift in Sources */ = {isa = PBXBuildFile; fileRef = 27A819DD256812CA00ADDBBE /* GenericView.swift */; };
		27A819E92568136900ADDBBE /* GenericViewModel.swift in Sources */ = {isa = PBXBuildFile; fileRef = 27A819E82568136900ADDBBE /* GenericViewModel.swift */; };
/* End PBXBuildFile section */

/* Begin PBXContainerItemProxy section */
		27A819BE256812A600ADDBBE /* PBXContainerItemProxy */ = {
			isa = PBXContainerItemProxy;
			containerPortal = 27A8199F256812A500ADDBBE /* Project object */;
			proxyType = 1;
			remoteGlobalIDString = 27A819A6256812A500ADDBBE;
			remoteInfo = MVVMDemo;
		};
		27A819C9256812A600ADDBBE /* PBXContainerItemProxy */ = {
			isa = PBXContainerItemProxy;
			containerPortal = 27A8199F256812A500ADDBBE /* Project object */;
			proxyType = 1;
			remoteGlobalIDString = 27A819A6256812A500ADDBBE;
			remoteInfo = MVVMDemo;
		};
/* End PBXContainerItemProxy section */

/* Begin PBXFileReference section */
		27A819A7256812A500ADDBBE /* MVVMDemo.app */ = {isa = PBXFileReference; explicitFileType = wrapper.application; includeInIndex = 0; path = MVVMDemo.app; sourceTree = BUILT_PRODUCTS_DIR; };
		27A819AA256812A500ADDBBE /* AppDelegate.swift */ = {isa = PBXFileReference; lastKnownFileType = sourcecode.swift; path = AppDelegate.swift; sourceTree = "<group>"; };
		27A819AC256812A500ADDBBE /* SceneDelegate.swift */ = {isa = PBXFileReference; lastKnownFileType = sourcecode.swift; path = SceneDelegate.swift; sourceTree = "<group>"; };
		27A819AE256812A500ADDBBE /* ViewController.swift */ = {isa = PBXFileReference; lastKnownFileType = sourcecode.swift; path = ViewController.swift; sourceTree = "<group>"; };
		27A819B1256812A500ADDBBE /* Base */ = {isa = PBXFileReference; lastKnownFileType = file.storyboard; name = Base; path = Base.lproj/Main.storyboard; sourceTree = "<group>"; };
		27A819B3256812A500ADDBBE /* Assets.xcassets */ = {isa = PBXFileReference; lastKnownFileType = folder.assetcatalog; path = Assets.xcassets; sourceTree = "<group>"; };
		27A819B6256812A500ADDBBE /* Base */ = {isa = PBXFileReference; lastKnownFileType = file.storyboard; name = Base; path = Base.lproj/LaunchScreen.storyboard; sourceTree = "<group>"; };
		27A819B8256812A500ADDBBE /* Info.plist */ = {isa = PBXFileReference; lastKnownFileType = text.plist.xml; path = Info.plist; sourceTree = "<group>"; };
		27A819BD256812A600ADDBBE /* MVVMDemoTests.xctest */ = {isa = PBXFileReference; explicitFileType = wrapper.cfbundle; includeInIndex = 0; path = MVVMDemoTests.xctest; sourceTree = BUILT_PRODUCTS_DIR; };
		27A819C1256812A600ADDBBE /* MVVMDemoTests.swift */ = {isa = PBXFileReference; lastKnownFileType = sourcecode.swift; path = MVVMDemoTests.swift; sourceTree = "<group>"; };
		27A819C3256812A600ADDBBE /* Info.plist */ = {isa = PBXFileReference; lastKnownFileType = text.plist.xml; path = Info.plist; sourceTree = "<group>"; };
		27A819C8256812A600ADDBBE /* MVVMDemoUITests.xctest */ = {isa = PBXFileReference; explicitFileType = wrapper.cfbundle; includeInIndex = 0; path = MVVMDemoUITests.xctest; sourceTree = BUILT_PRODUCTS_DIR; };
		27A819CC256812A600ADDBBE /* MVVMDemoUITests.swift */ = {isa = PBXFileReference; lastKnownFileType = sourcecode.swift; path = MVVMDemoUITests.swift; sourceTree = "<group>"; };
		27A819CE256812A600ADDBBE /* Info.plist */ = {isa = PBXFileReference; lastKnownFileType = text.plist.xml; path = Info.plist; sourceTree = "<group>"; };
		27A819DD256812CA00ADDBBE /* GenericView.swift */ = {isa = PBXFileReference; lastKnownFileType = sourcecode.swift; path = GenericView.swift; sourceTree = "<group>"; };
		27A819E82568136900ADDBBE /* GenericViewModel.swift */ = {isa = PBXFileReference; lastKnownFileType = sourcecode.swift; path = GenericViewModel.swift; sourceTree = "<group>"; };
/* End PBXFileReference section */

/* Begin PBXFrameworksBuildPhase section */
		27A819A4256812A500ADDBBE /* Frameworks */ = {
			isa = PBXFrameworksBuildPhase;
			buildActionMask = 2147483647;
			files = (
			);
			runOnlyForDeploymentPostprocessing = 0;
		};
		27A819BA256812A600ADDBBE /* Frameworks */ = {
			isa = PBXFrameworksBuildPhase;
			buildActionMask = 2147483647;
			files = (
			);
			runOnlyForDeploymentPostprocessing = 0;
		};
		27A819C5256812A600ADDBBE /* Frameworks */ = {
			isa = PBXFrameworksBuildPhase;
			buildActionMask = 2147483647;
			files = (
			);
			runOnlyForDeploymentPostprocessing = 0;
		};
/* End PBXFrameworksBuildPhase section */

/* Begin PBXGroup section */
		27A8199E256812A500ADDBBE = {
			isa = PBXGroup;
			children = (
				27A819A9256812A500ADDBBE /* MVVMDemo */,
				27A819C0256812A600ADDBBE /* MVVMDemoTests */,
				27A819CB256812A600ADDBBE /* MVVMDemoUITests */,
				27A819A8256812A500ADDBBE /* Products */,
			);
			sourceTree = "<group>";
		};
		27A819A8256812A500ADDBBE /* Products */ = {
			isa = PBXGroup;
			children = (
				27A819A7256812A500ADDBBE /* MVVMDemo.app */,
				27A819BD256812A600ADDBBE /* MVVMDemoTests.xctest */,
				27A819C8256812A600ADDBBE /* MVVMDemoUITests.xctest */,
			);
			name = Products;
			sourceTree = "<group>";
		};
		27A819A9256812A500ADDBBE /* MVVMDemo */ = {
			isa = PBXGroup;
			children = (
				27A819AA256812A500ADDBBE /* AppDelegate.swift */,
				27A819AC256812A500ADDBBE /* SceneDelegate.swift */,
				27A819AE256812A500ADDBBE /* ViewController.swift */,
				27A819B0256812A500ADDBBE /* Main.storyboard */,
				27A819B3256812A500ADDBBE /* Assets.xcassets */,
				27A819B5256812A500ADDBBE /* LaunchScreen.storyboard */,
				27A819B8256812A500ADDBBE /* Info.plist */,
				27A819DD256812CA00ADDBBE /* GenericView.swift */,
				27A819E82568136900ADDBBE /* GenericViewModel.swift */,
			);
			path = MVVMDemo;
			sourceTree = "<group>";
		};
		27A819C0256812A600ADDBBE /* MVVMDemoTests */ = {
			isa = PBXGroup;
			children = (
				27A819C1256812A600ADDBBE /* MVVMDemoTests.swift */,
				27A819C3256812A600ADDBBE /* Info.plist */,
			);
			path = MVVMDemoTests;
			sourceTree = "<group>";
		};
		27A819CB256812A600ADDBBE /* MVVMDemoUITests */ = {
			isa = PBXGroup;
			children = (
				27A819CC256812A600ADDBBE /* MVVMDemoUITests.swift */,
				27A819CE256812A600ADDBBE /* Info.plist */,
			);
			path = MVVMDemoUITests;
			sourceTree = "<group>";
		};
/* End PBXGroup section */

/* Begin PBXNativeTarget section */
		27A819A6256812A500ADDBBE /* MVVMDemo */ = {
			isa = PBXNativeTarget;
			buildConfigurationList = 27A819D1256812A600ADDBBE /* Build configuration list for PBXNativeTarget "MVVMDemo" */;
			buildPhases = (
				27A819A3256812A500ADDBBE /* Sources */,
				27A819A4256812A500ADDBBE /* Frameworks */,
				27A819A5256812A500ADDBBE /* Resources */,
			);
			buildRules = (
			);
			dependencies = (
			);
			name = MVVMDemo;
			productName = MVVMDemo;
			productReference = 27A819A7256812A500ADDBBE /* MVVMDemo.app */;
			productType = "com.apple.product-type.application";
		};
		27A819BC256812A600ADDBBE /* MVVMDemoTests */ = {
			isa = PBXNativeTarget;
			buildConfigurationList = 27A819D4256812A600ADDBBE /* Build configuration list for PBXNativeTarget "MVVMDemoTests" */;
			buildPhases = (
				27A819B9256812A600ADDBBE /* Sources */,
				27A819BA256812A600ADDBBE /* Frameworks */,
				27A819BB256812A600ADDBBE /* Resources */,
			);
			buildRules = (
			);
			dependencies = (
				27A819BF256812A600ADDBBE /* PBXTargetDependency */,
			);
			name = MVVMDemoTests;
			productName = MVVMDemoTests;
			productReference = 27A819BD256812A600ADDBBE /* MVVMDemoTests.xctest */;
			productType = "com.apple.product-type.bundle.unit-test";
		};
		27A819C7256812A600ADDBBE /* MVVMDemoUITests */ = {
			isa = PBXNativeTarget;
			buildConfigurationList = 27A819D7256812A600ADDBBE /* Build configuration list for PBXNativeTarget "MVVMDemoUITests" */;
			buildPhases = (
				27A819C4256812A600ADDBBE /* Sources */,
				27A819C5256812A600ADDBBE /* Frameworks */,
				27A819C6256812A600ADDBBE /* Resources */,
			);
			buildRules = (
			);
			dependencies = (
				27A819CA256812A600ADDBBE /* PBXTargetDependency */,
			);
			name = MVVMDemoUITests;
			productName = MVVMDemoUITests;
			productReference = 27A819C8256812A600ADDBBE /* MVVMDemoUITests.xctest */;
			productType = "com.apple.product-type.bundle.ui-testing";
		};
/* End PBXNativeTarget section */

/* Begin PBXProject section */
		27A8199F256812A500ADDBBE /* Project object */ = {
			isa = PBXProject;
			attributes = {
				LastSwiftUpdateCheck = 1210;
				LastUpgradeCheck = 1210;
				TargetAttributes = {
					27A819A6256812A500ADDBBE = {
						CreatedOnToolsVersion = 12.1;
					};
					27A819BC256812A600ADDBBE = {
						CreatedOnToolsVersion = 12.1;
						TestTargetID = 27A819A6256812A500ADDBBE;
					};
					27A819C7256812A600ADDBBE = {
						CreatedOnToolsVersion = 12.1;
						TestTargetID = 27A819A6256812A500ADDBBE;
					};
				};
			};
			buildConfigurationList = 27A819A2256812A500ADDBBE /* Build configuration list for PBXProject "MVVMDemo" */;
			compatibilityVersion = "Xcode 9.3";
			developmentRegion = en;
			hasScannedForEncodings = 0;
			knownRegions = (
				en,
				Base,
			);
			mainGroup = 27A8199E256812A500ADDBBE;
			productRefGroup = 27A819A8256812A500ADDBBE /* Products */;
			projectDirPath = "";
			projectRoot = "";
			targets = (
				27A819A6256812A500ADDBBE /* MVVMDemo */,
				27A819BC256812A600ADDBBE /* MVVMDemoTests */,
				27A819C7256812A600ADDBBE /* MVVMDemoUITests */,
			);
		};
/* End PBXProject section */

/* Begin PBXResourcesBuildPhase section */
		27A819A5256812A500ADDBBE /* Resources */ = {
			isa = PBXResourcesBuildPhase;
			buildActionMask = 2147483647;
			files = (
				27A819B7256812A500ADDBBE /* LaunchScreen.storyboard in Resources */,
				27A819B4256812A500ADDBBE /* Assets.xcassets in Resources */,
				27A819B2256812A500ADDBBE /* Main.storyboard in Resources */,
			);
			runOnlyForDeploymentPostprocessing = 0;
		};
		27A819BB256812A600ADDBBE /* Resources */ = {
			isa = PBXResourcesBuildPhase;
			buildActionMask = 2147483647;
			files = (
			);
			runOnlyForDeploymentPostprocessing = 0;
		};
		27A819C6256812A600ADDBBE /* Resources */ = {
			isa = PBXResourcesBuildPhase;
			buildActionMask = 2147483647;
			files = (
			);
			runOnlyForDeploymentPostprocessing = 0;
		};
/* End PBXResourcesBuildPhase section */

/* Begin PBXSourcesBuildPhase section */
		27A819A3256812A500ADDBBE /* Sources */ = {
			isa = PBXSourcesBuildPhase;
			buildActionMask = 2147483647;
			files = (
				27A819E92568136900ADDBBE /* GenericViewModel.swift in Sources */,
				27A819AF256812A500ADDBBE /* ViewController.swift in Sources */,
				27A819DE256812CA00ADDBBE /* GenericView.swift in Sources */,
				27A819AB256812A500ADDBBE /* AppDelegate.swift in Sources */,
				27A819AD256812A500ADDBBE /* SceneDelegate.swift in Sources */,
			);
			runOnlyForDeploymentPostprocessing = 0;
		};
		27A819B9256812A600ADDBBE /* Sources */ = {
			isa = PBXSourcesBuildPhase;
			buildActionMask = 2147483647;
			files = (
				27A819C2256812A600ADDBBE /* MVVMDemoTests.swift in Sources */,
			);
			runOnlyForDeploymentPostprocessing = 0;
		};
		27A819C4256812A600ADDBBE /* Sources */ = {
			isa = PBXSourcesBuildPhase;
			buildActionMask = 2147483647;
			files = (
				27A819CD256812A600ADDBBE /* MVVMDemoUITests.swift in Sources */,
			);
			runOnlyForDeploymentPostprocessing = 0;
		};
/* End PBXSourcesBuildPhase section */

/* Begin PBXTargetDependency section */
		27A819BF256812A600ADDBBE /* PBXTargetDependency */ = {
			isa = PBXTargetDependency;
			target = 27A819A6256812A500ADDBBE /* MVVMDemo */;
			targetProxy = 27A819BE256812A600ADDBBE /* PBXContainerItemProxy */;
		};
		27A819CA256812A600ADDBBE /* PBXTargetDependency */ = {
			isa = PBXTargetDependency;
			target = 27A819A6256812A500ADDBBE /* MVVMDemo */;
			targetProxy = 27A819C9256812A600ADDBBE /* PBXContainerItemProxy */;
		};
/* End PBXTargetDependency section */

/* Begin PBXVariantGroup section */
		27A819B0256812A500ADDBBE /* Main.storyboard */ = {
			isa = PBXVariantGroup;
			children = (
				27A819B1256812A500ADDBBE /* Base */,
			);
			name = Main.storyboard;
			sourceTree = "<group>";
		};
		27A819B5256812A500ADDBBE /* LaunchScreen.storyboard */ = {
			isa = PBXVariantGroup;
			children = (
				27A819B6256812A500ADDBBE /* Base */,
			);
			name = LaunchScreen.storyboard;
			sourceTree = "<group>";
		};
/* End PBXVariantGroup section */

/* Begin XCBuildConfiguration section */
		27A819CF256812A600ADDBBE /* Debug */ = {
			isa = XCBuildConfiguration;
			buildSettings = {
				ALWAYS_SEARCH_USER_PATHS = NO;
				CLANG_ANALYZER_NONNULL = YES;
				CLANG_ANALYZER_NUMBER_OBJECT_CONVERSION = YES_AGGRESSIVE;
				CLANG_CXX_LANGUAGE_STANDARD = "gnu++14";
				CLANG_CXX_LIBRARY = "libc++";
				CLANG_ENABLE_MODULES = YES;
				CLANG_ENABLE_OBJC_ARC = YES;
				CLANG_ENABLE_OBJC_WEAK = YES;
				CLANG_WARN_BLOCK_CAPTURE_AUTORELEASING = YES;
				CLANG_WARN_BOOL_CONVERSION = YES;
				CLANG_WARN_COMMA = YES;
				CLANG_WARN_CONSTANT_CONVERSION = YES;
				CLANG_WARN_DEPRECATED_OBJC_IMPLEMENTATIONS = YES;
				CLANG_WARN_DIRECT_OBJC_ISA_USAGE = YES_ERROR;
				CLANG_WARN_DOCUMENTATION_COMMENTS = YES;
				CLANG_WARN_EMPTY_BODY = YES;
				CLANG_WARN_ENUM_CONVERSION = YES;
				CLANG_WARN_INFINITE_RECURSION = YES;
				CLANG_WARN_INT_CONVERSION = YES;
				CLANG_WARN_NON_LITERAL_NULL_CONVERSION = YES;
				CLANG_WARN_OBJC_IMPLICIT_RETAIN_SELF = YES;
				CLANG_WARN_OBJC_LITERAL_CONVERSION = YES;
				CLANG_WARN_OBJC_ROOT_CLASS = YES_ERROR;
				CLANG_WARN_QUOTED_INCLUDE_IN_FRAMEWORK_HEADER = YES;
				CLANG_WARN_RANGE_LOOP_ANALYSIS = YES;
				CLANG_WARN_STRICT_PROTOTYPES = YES;
				CLANG_WARN_SUSPICIOUS_MOVE = YES;
				CLANG_WARN_UNGUARDED_AVAILABILITY = YES_AGGRESSIVE;
				CLANG_WARN_UNREACHABLE_CODE = YES;
				CLANG_WARN__DUPLICATE_METHOD_MATCH = YES;
				COPY_PHASE_STRIP = NO;
				DEBUG_INFORMATION_FORMAT = dwarf;
				ENABLE_STRICT_OBJC_MSGSEND = YES;
				ENABLE_TESTABILITY = YES;
				GCC_C_LANGUAGE_STANDARD = gnu11;
				GCC_DYNAMIC_NO_PIC = NO;
				GCC_NO_COMMON_BLOCKS = YES;
				GCC_OPTIMIZATION_LEVEL = 0;
				GCC_PREPROCESSOR_DEFINITIONS = (
					"DEBUG=1",
					"$(inherited)",
				);
				GCC_WARN_64_TO_32_BIT_CONVERSION = YES;
				GCC_WARN_ABOUT_RETURN_TYPE = YES_ERROR;
				GCC_WARN_UNDECLARED_SELECTOR = YES;
				GCC_WARN_UNINITIALIZED_AUTOS = YES_AGGRESSIVE;
				GCC_WARN_UNUSED_FUNCTION = YES;
				GCC_WARN_UNUSED_VARIABLE = YES;
				IPHONEOS_DEPLOYMENT_TARGET = 14.1;
				MTL_ENABLE_DEBUG_INFO = INCLUDE_SOURCE;
				MTL_FAST_MATH = YES;
				ONLY_ACTIVE_ARCH = YES;
				SDKROOT = iphoneos;
				SWIFT_ACTIVE_COMPILATION_CONDITIONS = DEBUG;
				SWIFT_OPTIMIZATION_LEVEL = "-Onone";
			};
			name = Debug;
		};
		27A819D0256812A600ADDBBE /* Release */ = {
			isa = XCBuildConfiguration;
			buildSettings = {
				ALWAYS_SEARCH_USER_PATHS = NO;
				CLANG_ANALYZER_NONNULL = YES;
				CLANG_ANALYZER_NUMBER_OBJECT_CONVERSION = YES_AGGRESSIVE;
				CLANG_CXX_LANGUAGE_STANDARD = "gnu++14";
				CLANG_CXX_LIBRARY = "libc++";
				CLANG_ENABLE_MODULES = YES;
				CLANG_ENABLE_OBJC_ARC = YES;
				CLANG_ENABLE_OBJC_WEAK = YES;
				CLANG_WARN_BLOCK_CAPTURE_AUTORELEASING = YES;
				CLANG_WARN_BOOL_CONVERSION = YES;
				CLANG_WARN_COMMA = YES;
				CLANG_WARN_CONSTANT_CONVERSION = YES;
				CLANG_WARN_DEPRECATED_OBJC_IMPLEMENTATIONS = YES;
				CLANG_WARN_DIRECT_OBJC_ISA_USAGE = YES_ERROR;
				CLANG_WARN_DOCUMENTATION_COMMENTS = YES;
				CLANG_WARN_EMPTY_BODY = YES;
				CLANG_WARN_ENUM_CONVERSION = YES;
				CLANG_WARN_INFINITE_RECURSION = YES;
				CLANG_WARN_INT_CONVERSION = YES;
				CLANG_WARN_NON_LITERAL_NULL_CONVERSION = YES;
				CLANG_WARN_OBJC_IMPLICIT_RETAIN_SELF = YES;
				CLANG_WARN_OBJC_LITERAL_CONVERSION = YES;
				CLANG_WARN_OBJC_ROOT_CLASS = YES_ERROR;
				CLANG_WARN_QUOTED_INCLUDE_IN_FRAMEWORK_HEADER = YES;
				CLANG_WARN_RANGE_LOOP_ANALYSIS = YES;
				CLANG_WARN_STRICT_PROTOTYPES = YES;
				CLANG_WARN_SUSPICIOUS_MOVE = YES;
				CLANG_WARN_UNGUARDED_AVAILABILITY = YES_AGGRESSIVE;
				CLANG_WARN_UNREACHABLE_CODE = YES;
				CLANG_WARN__DUPLICATE_METHOD_MATCH = YES;
				COPY_PHASE_STRIP = NO;
				DEBUG_INFORMATION_FORMAT = "dwarf-with-dsym";
				ENABLE_NS_ASSERTIONS = NO;
				ENABLE_STRICT_OBJC_MSGSEND = YES;
				GCC_C_LANGUAGE_STANDARD = gnu11;
				GCC_NO_COMMON_BLOCKS = YES;
				GCC_WARN_64_TO_32_BIT_CONVERSION = YES;
				GCC_WARN_ABOUT_RETURN_TYPE = YES_ERROR;
				GCC_WARN_UNDECLARED_SELECTOR = YES;
				GCC_WARN_UNINITIALIZED_AUTOS = YES_AGGRESSIVE;
				GCC_WARN_UNUSED_FUNCTION = YES;
				GCC_WARN_UNUSED_VARIABLE = YES;
				IPHONEOS_DEPLOYMENT_TARGET = 14.1;
				MTL_ENABLE_DEBUG_INFO = NO;
				MTL_FAST_MATH = YES;
				SDKROOT = iphoneos;
				SWIFT_COMPILATION_MODE = wholemodule;
				SWIFT_OPTIMIZATION_LEVEL = "-O";
				VALIDATE_PRODUCT = YES;
			};
			name = Release;
		};
		27A819D2256812A600ADDBBE /* Debug */ = {
			isa = XCBuildConfiguration;
			buildSettings = {
				ASSETCATALOG_COMPILER_APPICON_NAME = AppIcon;
				ASSETCATALOG_COMPILER_GLOBAL_ACCENT_COLOR_NAME = AccentColor;
				CODE_SIGN_STYLE = Automatic;
				DEVELOPMENT_TEAM = 25LAFJU3F7;
				INFOPLIST_FILE = MVVMDemo/Info.plist;
				LD_RUNPATH_SEARCH_PATHS = (
					"$(inherited)",
					"@executable_path/Frameworks",
				);
				PRODUCT_BUNDLE_IDENTIFIER = saim.MVVMDemo;
				PRODUCT_NAME = "$(TARGET_NAME)";
				SWIFT_VERSION = 5.0;
				TARGETED_DEVICE_FAMILY = "1,2";
			};
			name = Debug;
		};
		27A819D3256812A600ADDBBE /* Release */ = {
			isa = XCBuildConfiguration;
			buildSettings = {
				ASSETCATALOG_COMPILER_APPICON_NAME = AppIcon;
				ASSETCATALOG_COMPILER_GLOBAL_ACCENT_COLOR_NAME = AccentColor;
				CODE_SIGN_STYLE = Automatic;
				DEVELOPMENT_TEAM = 25LAFJU3F7;
				INFOPLIST_FILE = MVVMDemo/Info.plist;
				LD_RUNPATH_SEARCH_PATHS = (
					"$(inherited)",
					"@executable_path/Frameworks",
				);
				PRODUCT_BUNDLE_IDENTIFIER = saim.MVVMDemo;
				PRODUCT_NAME = "$(TARGET_NAME)";
				SWIFT_VERSION = 5.0;
				TARGETED_DEVICE_FAMILY = "1,2";
			};
			name = Release;
		};
		27A819D5256812A600ADDBBE /* Debug */ = {
			isa = XCBuildConfiguration;
			buildSettings = {
				ALWAYS_EMBED_SWIFT_STANDARD_LIBRARIES = YES;
				BUNDLE_LOADER = "$(TEST_HOST)";
				CODE_SIGN_STYLE = Automatic;
				DEVELOPMENT_TEAM = 25LAFJU3F7;
				INFOPLIST_FILE = MVVMDemoTests/Info.plist;
				IPHONEOS_DEPLOYMENT_TARGET = 14.1;
				LD_RUNPATH_SEARCH_PATHS = (
					"$(inherited)",
					"@executable_path/Frameworks",
					"@loader_path/Frameworks",
				);
				PRODUCT_BUNDLE_IDENTIFIER = saim.MVVMDemoTests;
				PRODUCT_NAME = "$(TARGET_NAME)";
				SWIFT_VERSION = 5.0;
				TARGETED_DEVICE_FAMILY = "1,2";
				TEST_HOST = "$(BUILT_PRODUCTS_DIR)/MVVMDemo.app/MVVMDemo";
			};
			name = Debug;
		};
		27A819D6256812A600ADDBBE /* Release */ = {
			isa = XCBuildConfiguration;
			buildSettings = {
				ALWAYS_EMBED_SWIFT_STANDARD_LIBRARIES = YES;
				BUNDLE_LOADER = "$(TEST_HOST)";
				CODE_SIGN_STYLE = Automatic;
				DEVELOPMENT_TEAM = 25LAFJU3F7;
				INFOPLIST_FILE = MVVMDemoTests/Info.plist;
				IPHONEOS_DEPLOYMENT_TARGET = 14.1;
				LD_RUNPATH_SEARCH_PATHS = (
					"$(inherited)",
					"@executable_path/Frameworks",
					"@loader_path/Frameworks",
				);
				PRODUCT_BUNDLE_IDENTIFIER = saim.MVVMDemoTests;
				PRODUCT_NAME = "$(TARGET_NAME)";
				SWIFT_VERSION = 5.0;
				TARGETED_DEVICE_FAMILY = "1,2";
				TEST_HOST = "$(BUILT_PRODUCTS_DIR)/MVVMDemo.app/MVVMDemo";
			};
			name = Release;
		};
		27A819D8256812A600ADDBBE /* Debug */ = {
			isa = XCBuildConfiguration;
			buildSettings = {
				ALWAYS_EMBED_SWIFT_STANDARD_LIBRARIES = YES;
				CODE_SIGN_STYLE = Automatic;
				DEVELOPMENT_TEAM = 25LAFJU3F7;
				INFOPLIST_FILE = MVVMDemoUITests/Info.plist;
				LD_RUNPATH_SEARCH_PATHS = (
					"$(inherited)",
					"@executable_path/Frameworks",
					"@loader_path/Frameworks",
				);
				PRODUCT_BUNDLE_IDENTIFIER = saim.MVVMDemoUITests;
				PRODUCT_NAME = "$(TARGET_NAME)";
				SWIFT_VERSION = 5.0;
				TARGETED_DEVICE_FAMILY = "1,2";
				TEST_TARGET_NAME = MVVMDemo;
			};
			name = Debug;
		};
		27A819D9256812A600ADDBBE /* Release */ = {
			isa = XCBuildConfiguration;
			buildSettings = {
				ALWAYS_EMBED_SWIFT_STANDARD_LIBRARIES = YES;
				CODE_SIGN_STYLE = Automatic;
				DEVELOPMENT_TEAM = 25LAFJU3F7;
				INFOPLIST_FILE = MVVMDemoUITests/Info.plist;
				LD_RUNPATH_SEARCH_PATHS = (
					"$(inherited)",
					"@executable_path/Frameworks",
					"@loader_path/Frameworks",
				);
				PRODUCT_BUNDLE_IDENTIFIER = saim.MVVMDemoUITests;
				PRODUCT_NAME = "$(TARGET_NAME)";
				SWIFT_VERSION = 5.0;
				TARGETED_DEVICE_FAMILY = "1,2";
				TEST_TARGET_NAME = MVVMDemo;
			};
			name = Release;
		};
/* End XCBuildConfiguration section */

/* Begin XCConfigurationList section */
		27A819A2256812A500ADDBBE /* Build configuration list for PBXProject "MVVMDemo" */ = {
			isa = XCConfigurationList;
			buildConfigurations = (
				27A819CF256812A600ADDBBE /* Debug */,
				27A819D0256812A600ADDBBE /* Release */,
			);
			defaultConfigurationIsVisible = 0;
			defaultConfigurationName = Release;
		};
		27A819D1256812A600ADDBBE /* Build configuration list for PBXNativeTarget "MVVMDemo" */ = {
			isa = XCConfigurationList;
			buildConfigurations = (
				27A819D2256812A600ADDBBE /* Debug */,
				27A819D3256812A600ADDBBE /* Release */,
			);
			defaultConfigurationIsVisible = 0;
			defaultConfigurationName = Release;
		};
		27A819D4256812A600ADDBBE /* Build configuration list for PBXNativeTarget "MVVMDemoTests" */ = {
			isa = XCConfigurationList;
			buildConfigurations = (
				27A819D5256812A600ADDBBE /* Debug */,
				27A819D6256812A600ADDBBE /* Release */,
			);
			defaultConfigurationIsVisible = 0;
			defaultConfigurationName = Release;
		};
		27A819D7256812A600ADDBBE /* Build configuration list for PBXNativeTarget "MVVMDemoUITests" */ = {
			isa = XCConfigurationList;
			buildConfigurations = (
				27A819D8256812A600ADDBBE /* Debug */,
				27A819D9256812A600ADDBBE /* Release */,
			);
			defaultConfigurationIsVisible = 0;
			defaultConfigurationName = Release;
		};
/* End XCConfigurationList section */
	};
	rootObject = 27A8199F256812A500ADDBBE /* Project object */;
}
